<?xml version="1.0" encoding="utf-8"?>
<Project ToolsVersion="4.0" xmlns="http://schemas.microsoft.com/developer/msbuild/2003">
  <ItemGroup>
    <Filter Include="Source Files">
      <UniqueIdentifier>{4FC737F1-C7A5-4376-A066-2A32D752A2FF}</UniqueIdentifier>
      <Extensions>cpp;c;cc;cxx;c++;cppm;ixx;def;odl;idl;hpj;bat;asm;asmx</Extensions>
    </Filter>
    <Filter Include="Header Files">
      <UniqueIdentifier>{93995380-89BD-4b04-88EB-625FBE52EBFB}</UniqueIdentifier>
      <Extensions>h;hh;hpp;hxx;h++;hm;inl;inc;ipp;xsd</Extensions>
    </Filter>
    <Filter Include="Resource Files">
      <UniqueIdentifier>{67DA6AB6-F800-4c08-8B7A-83BB121AAD01}</UniqueIdentifier>
      <Extensions>rc;ico;cur;bmp;dlg;rc2;rct;bin;rgs;gif;jpg;jpeg;jpe;resx;tiff;tif;png;wav;mfcribbon-ms</Extensions>
    </Filter>
  </ItemGroup>
  <ItemGroup>
    <ClCompile Include="FirstHalf\Shaders\main.cpp">
      <Filter>Source Files</Filter>
    </ClCompile>
    <ClCompile Include="FirstHalf\HelloTriangle\main.cpp">
      <Filter>Source Files</Filter>
    </ClCompile>
    <ClCompile Include="shader.cpp">
      <Filter>Source Files</Filter>
    </ClCompile>
    <ClCompile Include="FirstHalf\Textures\main.cpp">
      <Filter>Source Files</Filter>
    </ClCompile>
    <ClCompile Include="stb_image.cpp">
      <Filter>Source Files</Filter>
    </ClCompile>
    <ClCompile Include="FirstHalf\Transformations\main.cpp">
      <Filter>Source Files</Filter>
    </ClCompile>
    <ClCompile Include="FirstHalf\CoordSystems\main.cpp">
      <Filter>Source Files</Filter>
    </ClCompile>
    <ClCompile Include="FirstHalf\Camera\main.cpp">
      <Filter>Source Files</Filter>
    </ClCompile>
    <ClCompile Include="camera.cpp">
      <Filter>Source Files</Filter>
    </ClCompile>
    <ClCompile Include="FirstHalf\BasicADSLighting\main.cpp">
      <Filter>Source Files</Filter>
    </ClCompile>
    <ClCompile Include="FirstHalf\LightingMaps\main.cpp">
      <Filter>Source Files</Filter>
    </ClCompile>
    <ClCompile Include="FirstHalf\DirectionalLight\main.cpp">
      <Filter>Source Files</Filter>
    </ClCompile>
    <ClCompile Include="FirstHalf\PointLight\main.cpp">
      <Filter>Source Files</Filter>
    </ClCompile>
    <ClCompile Include="FirstHalf\SpotLight\main.cpp">
      <Filter>Source Files</Filter>
    </ClCompile>
    <ClCompile Include="FirstHalf\MultipleLights\main.cpp">
      <Filter>Source Files</Filter>
    </ClCompile>
    <ClCompile Include="Mesh.cpp">
      <Filter>Source Files</Filter>
    </ClCompile>
    <ClCompile Include="Model.cpp">
      <Filter>Source Files</Filter>
    </ClCompile>
    <ClCompile Include="SecondHalf\ModelLoading\main.cpp">
      <Filter>Source Files</Filter>
    </ClCompile>
    <ClCompile Include="SecondHalf\DepthAndStencilTesting\main.cpp">
      <Filter>Source Files</Filter>
    </ClCompile>
    <ClCompile Include="SecondHalf\Blending\main.cpp">
      <Filter>Source Files</Filter>
    </ClCompile>
    <ClCompile Include="SecondHalf\FaceCulling\main.cpp">
      <Filter>Source Files</Filter>
    </ClCompile>
    <ClCompile Include="SecondHalf\FrameBuffers\main.cpp">
      <Filter>Source Files</Filter>
    </ClCompile>
    <ClCompile Include="SecondHalf\CubeMaps\main.cpp">
      <Filter>Source Files</Filter>
    </ClCompile>
    <ClCompile Include="SecondHalf\GeometryShader\main.cpp">
      <Filter>Source Files</Filter>
    </ClCompile>
    <ClCompile Include="SecondHalf\Instancing\main.cpp">
      <Filter>Source Files</Filter>
    </ClCompile>
    <ClCompile Include="SecondHalf\ShadowMapping\main.cpp">
      <Filter>Source Files</Filter>
    </ClCompile>
    <ClCompile Include="SecondHalf\PointShadows\main.cpp">
      <Filter>Source Files</Filter>
    </ClCompile>
    <ClCompile Include="SecondHalf\NormalMapping\main.cpp">
      <Filter>Source Files</Filter>
    </ClCompile>
    <ClCompile Include="SecondHalf\HDR\main.cpp">
      <Filter>Source Files</Filter>
    </ClCompile>
    <ClCompile Include="SecondHalf\Bloom\main.cpp">
      <Filter>Source Files</Filter>
    </ClCompile>
  </ItemGroup>
  <ItemGroup>
    <ClInclude Include="shader.hpp">
      <Filter>Header Files</Filter>
    </ClInclude>
    <ClInclude Include="camera.hpp">
      <Filter>Header Files</Filter>
    </ClInclude>
    <ClInclude Include="Mesh.hpp">
      <Filter>Header Files</Filter>
    </ClInclude>
    <ClInclude Include="Model.hpp">
      <Filter>Header Files</Filter>
    </ClInclude>
  </ItemGroup>
  <ItemGroup>
    <None Include="FirstHalf\Shaders\vertexShader.glsl" />
    <None Include="FirstHalf\Shaders\fragmentShader.glsl" />
    <None Include="FirstHalf\Textures\fragmentShader.glsl" />
    <None Include="FirstHalf\Textures\vertexShader.glsl" />
    <None Include="FirstHalf\Transformations\fragmentShader.glsl" />
    <None Include="FirstHalf\Transformations\vertexShader.glsl" />
    <None Include="FirstHalf\CoordSystems\vertexShader.glsl" />
    <None Include="FirstHalf\CoordSystems\fragmentShader.glsl" />
    <None Include="FirstHalf\Camera\vertexShader.glsl" />
    <None Include="FirstHalf\Camera\fragmentShader.glsl" />
    <None Include="FirstHalf\BasicADSLighting\Shaders\fragmentShader.glsl" />
    <None Include="FirstHalf\BasicADSLighting\Shaders\vertexShader.glsl" />
    <None Include="FirstHalf\BasicADSLighting\Shaders\lightFragmentShader.glsl" />
    <None Include="FirstHalf\BasicADSLighting\Shaders\lightVertexShader.glsl" />
    <None Include="FirstHalf\LightingMaps\Shaders\fragmentShader.glsl" />
    <None Include="FirstHalf\LightingMaps\Shaders\lightFragmentShader.glsl" />
    <None Include="FirstHalf\LightingMaps\Shaders\lightVertexShader.glsl" />
    <None Include="FirstHalf\LightingMaps\Shaders\vertexShader.glsl" />
    <None Include="FirstHalf\DirectionalLight\Shaders\fragmentShader.glsl" />
    <None Include="FirstHalf\DirectionalLight\Shaders\lightFragmentShader.glsl" />
    <None Include="FirstHalf\DirectionalLight\Shaders\lightVertexShader.glsl" />
    <None Include="FirstHalf\DirectionalLight\Shaders\vertexShader.glsl" />
    <None Include="FirstHalf\PointLight\Shaders\fragmentShader.glsl" />
    <None Include="FirstHalf\PointLight\Shaders\lightFragmentShader.glsl" />
    <None Include="FirstHalf\PointLight\Shaders\lightVertexShader.glsl" />
    <None Include="FirstHalf\PointLight\Shaders\vertexShader.glsl" />
    <None Include="FirstHalf\SpotLight\Shaders\fragmentShader.glsl" />
    <None Include="FirstHalf\SpotLight\Shaders\lightFragmentShader.glsl" />
    <None Include="FirstHalf\SpotLight\Shaders\lightVertexShader.glsl" />
    <None Include="FirstHalf\SpotLight\Shaders\vertexShader.glsl" />
    <None Include="FirstHalf\MultipleLights\Shaders\fragmentShader.glsl" />
    <None Include="FirstHalf\MultipleLights\Shaders\lightFragmentShader.glsl" />
    <None Include="FirstHalf\MultipleLights\Shaders\lightVertexShader.glsl" />
    <None Include="FirstHalf\MultipleLights\Shaders\vertexShader.glsl" />
    <None Include="SecondHalf\ModelLoading\Shaders\fragmentShader.glsl" />
    <None Include="SecondHalf\DepthAndStencilTesting\Shaders\fragmentShader.glsl" />
    <None Include="SecondHalf\DepthAndStencilTesting\Shaders\colorVertexShader.glsl" />
    <None Include="SecondHalf\DepthAndStencilTesting\Shaders\colorFragmentShader.glsl" />
    <None Include="SecondHalf\Blending\Shaders\vertexShader.glsl" />
    <None Include="SecondHalf\Blending\Shaders\blendFragmentShader.glsl" />
    <None Include="SecondHalf\FaceCulling\fragmentShader.glsl" />
    <None Include="SecondHalf\FaceCulling\vertexShader.glsl" />
    <None Include="SecondHalf\FrameBuffers\Shaders\fragmentShader.glsl" />
    <None Include="SecondHalf\FrameBuffers\Shaders\screenVertexShader.glsl" />
    <None Include="SecondHalf\FrameBuffers\Shaders\screenFragmentShader.glsl" />
    <None Include="SecondHalf\CubeMaps\Shaders\fragmentShader.glsl" />
    <None Include="SecondHalf\CubeMaps\Shaders\skyboxVertexShader.glsl" />
    <None Include="SecondHalf\CubeMaps\Shaders\skyboxFragmentShader.glsl" />
    <None Include="SecondHalf\CubeMaps\Shaders\reflectFragmentShader.glsl" />
    <None Include="SecondHalf\CubeMaps\Shaders\reflectAndRefractVertexShader.glsl" />
    <None Include="SecondHalf\CubeMaps\Shaders\refractFragmentShader.glsl" />
    <None Include="SecondHalf\GeometryShader\Shaders\pointsVertexShader.glsl" />
    <None Include="SecondHalf\GeometryShader\Shaders\pointsFragmentShader.glsl" />
    <None Include="SecondHalf\GeometryShader\Shaders\pointsGeometryShader.glsl" />
    <None Include="SecondHalf\GeometryShader\Shaders\explodeVertexShader.glsl" />
    <None Include="SecondHalf\GeometryShader\Shaders\explodeGeometryShader.glsl" />
    <None Include="SecondHalf\GeometryShader\Shaders\explodeFragmentShader.glsl" />
    <None Include="SecondHalf\GeometryShader\Shaders\normalsVertexShader.glsl" />
    <None Include="SecondHalf\GeometryShader\Shaders\normalsGeometryShader.glsl" />
    <None Include="SecondHalf\GeometryShader\Shaders\normalsFragmentShader.glsl" />
    <None Include="SecondHalf\Instancing\Shaders\fragmentShader.glsl" />
    <None Include="SecondHalf\Instancing\Shaders\rockVertexShader.glsl" />
    <None Include="SecondHalf\ShadowMapping\Shaders\depthVertexShader.glsl" />
    <None Include="SecondHalf\ShadowMapping\Shaders\depthFragmentShader.glsl" />
    <None Include="SecondHalf\ShadowMapping\Shaders\shadowVertexShader.glsl" />
    <None Include="SecondHalf\ShadowMapping\Shaders\shadowFragmentShader.glsl" />
    <None Include="SecondHalf\PointShadows\Shaders\depthFragmentShader.glsl" />
    <None Include="SecondHalf\PointShadows\Shaders\depthVertexShader.glsl" />
    <None Include="SecondHalf\PointShadows\Shaders\shadowFragmentShader.glsl" />
    <None Include="SecondHalf\PointShadows\Shaders\shadowVertexShader.glsl" />
    <None Include="SecondHalf\PointShadows\Shaders\depthGeometryShader.glsl" />
    <None Include="SecondHalf\NormalMapping\Shaders\normalVertexShader.glsl" />
    <None Include="SecondHalf\NormalMapping\Shaders\normalFragmentShader.glsl" />
    <None Include="SecondHalf\HDR\Shaders\lightingVertexShader.glsl" />
    <None Include="SecondHalf\HDR\Shaders\lightingFragmentShader.glsl" />
    <None Include="SecondHalf\HDR\Shaders\hdrVertexShader.glsl" />
    <None Include="SecondHalf\HDR\Shaders\hdrFragmentShader.glsl" />
    <None Include="SecondHalf\Bloom\Shaders\normalVertexShader.glsl" />
    <None Include="SecondHalf\Bloom\Shaders\normalFragmentShader.glsl" />
    <None Include="SecondHalf\Bloom\Shaders\lightsFragmentShader.glsl" />
    <None Include="SecondHalf\Bloom\Shaders\blurVertexShader.glsl" />
    <None Include="SecondHalf\Bloom\Shaders\blurFragmentShader.glsl" />
    <None Include="SecondHalf\Bloom\Shaders\finalVertexShader.glsl" />
    <None Include="SecondHalf\Bloom\Shaders\finalFragmentShader.glsl" />
  </ItemGroup>
  <ItemGroup>
    <Text Include="SecondHalf\Blending\Shaders\discardFragmentShader.glsl" />
  </ItemGroup>
</Project>